{
    "_meta": {
        "hash": {
            "sha256": "9ba875dbfc4d9da256cce92059f78024f20d0e05e27cfd8e7f9ca2621fa9e152"
        },
        "host-environment-markers": {
            "implementation_name": "cpython",
            "implementation_version": "3.6.1",
            "os_name": "posix",
            "platform_machine": "x86_64",
            "platform_python_implementation": "CPython",
            "platform_release": "17.7.0",
            "platform_system": "Darwin",
            "platform_version": "Darwin Kernel Version 17.7.0: Thu Jun 21 22:53:14 PDT 2018; root:xnu-4570.71.2~1/RELEASE_X86_64",
            "python_full_version": "3.6.1",
            "python_version": "3.6",
            "sys_platform": "darwin"
        },
        "pipfile-spec": 5,
        "requires": {},
        "sources": [
            {
                "name": "pypi",
                "url": "https://pypi.python.org/simple",
                "verify_ssl": true
            }
        ]
    },
    "default": {
        "stringgenerator": {
            "hashes": [
                "sha256:6cb1e7c5e782099eb07d17e861875f173e6eaea8ed3618710bb5e3701e72255f"
            ],
            "version": "==0.3.1"
        }
    },
    "develop": {}
}
